// !$*UTF8*$!
{
	archiveVersion = 1;
	classes = {
	};
	objectVersion = 46;
	objects = {

/* Begin PBXBuildFile section */
		B55ECEB81FB277D2006DC883 /* main.cpp in Sources */ = {isa = PBXBuildFile; fileRef = B55ECEB71FB277D2006DC883 /* main.cpp */; };
		B55ECEDC1FB2798D006DC883 /* IOKit.framework in Frameworks */ = {isa = PBXBuildFile; fileRef = B55ECEDB1FB2798D006DC883 /* IOKit.framework */; };
		B55ECEDE1FB279A5006DC883 /* CoreFoundation.framework in Frameworks */ = {isa = PBXBuildFile; fileRef = B55ECEDD1FB279A5006DC883 /* CoreFoundation.framework */; };
		B55ECEEB1FB27A7E006DC883 /* MacSoundplaneDriver.cpp in Sources */ = {isa = PBXBuildFile; fileRef = B55ECEE11FB27A7E006DC883 /* MacSoundplaneDriver.cpp */; };
		B55ECEEC1FB27A7E006DC883 /* SensorFrame.cpp in Sources */ = {isa = PBXBuildFile; fileRef = B55ECEE31FB27A7E006DC883 /* SensorFrame.cpp */; };
		B55ECEED1FB27A7E006DC883 /* SoundplaneDriver.cpp in Sources */ = {isa = PBXBuildFile; fileRef = B55ECEE51FB27A7E006DC883 /* SoundplaneDriver.cpp */; };
		B55ECEEE1FB27A7E006DC883 /* SoundplaneModelA.cpp in Sources */ = {isa = PBXBuildFile; fileRef = B55ECEE71FB27A7E006DC883 /* SoundplaneModelA.cpp */; };
		B55ECEEF1FB27A7E006DC883 /* ThreadUtility.cpp in Sources */ = {isa = PBXBuildFile; fileRef = B55ECEE91FB27A7E006DC883 /* ThreadUtility.cpp */; };
/* End PBXBuildFile section */

/* Begin PBXCopyFilesBuildPhase section */
		B55ECEB21FB277D2006DC883 /* CopyFiles */ = {
			isa = PBXCopyFilesBuildPhase;
			buildActionMask = 2147483647;
			dstPath = /usr/share/man/man1/;
			dstSubfolderSpec = 0;
			files = (
			);
			runOnlyForDeploymentPostprocessing = 1;
		};
/* End PBXCopyFilesBuildPhase section */

/* Begin PBXFileReference section */
		B55ECEB41FB277D2006DC883 /* helloSoundplane */ = {isa = PBXFileReference; explicitFileType = "compiled.mach-o.executable"; includeInIndex = 0; path = helloSoundplane; sourceTree = BUILT_PRODUCTS_DIR; };
		B55ECEB71FB277D2006DC883 /* main.cpp */ = {isa = PBXFileReference; lastKnownFileType = sourcecode.cpp.cpp; path = main.cpp; sourceTree = "<group>"; };
		B55ECEDB1FB2798D006DC883 /* IOKit.framework */ = {isa = PBXFileReference; lastKnownFileType = wrapper.framework; name = IOKit.framework; path = System/Library/Frameworks/IOKit.framework; sourceTree = SDKROOT; };
		B55ECEDD1FB279A5006DC883 /* CoreFoundation.framework */ = {isa = PBXFileReference; lastKnownFileType = wrapper.framework; name = CoreFoundation.framework; path = System/Library/Frameworks/CoreFoundation.framework; sourceTree = SDKROOT; };
		B55ECEE11FB27A7E006DC883 /* MacSoundplaneDriver.cpp */ = {isa = PBXFileReference; fileEncoding = 4; lastKnownFileType = sourcecode.cpp.cpp; name = MacSoundplaneDriver.cpp; path = ../../SoundplaneLib/MacSoundplaneDriver.cpp; sourceTree = "<group>"; };
		B55ECEE21FB27A7E006DC883 /* MacSoundplaneDriver.h */ = {isa = PBXFileReference; fileEncoding = 4; lastKnownFileType = sourcecode.c.h; name = MacSoundplaneDriver.h; path = ../../SoundplaneLib/MacSoundplaneDriver.h; sourceTree = "<group>"; };
		B55ECEE31FB27A7E006DC883 /* SensorFrame.cpp */ = {isa = PBXFileReference; fileEncoding = 4; lastKnownFileType = sourcecode.cpp.cpp; name = SensorFrame.cpp; path = ../../SoundplaneLib/SensorFrame.cpp; sourceTree = "<group>"; };
		B55ECEE41FB27A7E006DC883 /* SensorFrame.h */ = {isa = PBXFileReference; fileEncoding = 4; lastKnownFileType = sourcecode.c.h; name = SensorFrame.h; path = ../../SoundplaneLib/SensorFrame.h; sourceTree = "<group>"; };
		B55ECEE51FB27A7E006DC883 /* SoundplaneDriver.cpp */ = {isa = PBXFileReference; fileEncoding = 4; lastKnownFileType = sourcecode.cpp.cpp; name = SoundplaneDriver.cpp; path = ../../SoundplaneLib/SoundplaneDriver.cpp; sourceTree = "<group>"; };
		B55ECEE61FB27A7E006DC883 /* SoundplaneDriver.h */ = {isa = PBXFileReference; fileEncoding = 4; lastKnownFileType = sourcecode.c.h; name = SoundplaneDriver.h; path = ../../SoundplaneLib/SoundplaneDriver.h; sourceTree = "<group>"; };
		B55ECEE71FB27A7E006DC883 /* SoundplaneModelA.cpp */ = {isa = PBXFileReference; fileEncoding = 4; lastKnownFileType = sourcecode.cpp.cpp; name = SoundplaneModelA.cpp; path = ../../SoundplaneLib/SoundplaneModelA.cpp; sourceTree = "<group>"; };
		B55ECEE81FB27A7E006DC883 /* SoundplaneModelA.h */ = {isa = PBXFileReference; fileEncoding = 4; lastKnownFileType = sourcecode.c.h; name = SoundplaneModelA.h; path = ../../SoundplaneLib/SoundplaneModelA.h; sourceTree = "<group>"; };
		B55ECEE91FB27A7E006DC883 /* ThreadUtility.cpp */ = {isa = PBXFileReference; fileEncoding = 4; lastKnownFileType = sourcecode.cpp.cpp; name = ThreadUtility.cpp; path = ../../SoundplaneLib/ThreadUtility.cpp; sourceTree = "<group>"; };
		B55ECEEA1FB27A7E006DC883 /* ThreadUtility.h */ = {isa = PBXFileReference; fileEncoding = 4; lastKnownFileType = sourcecode.c.h; name = ThreadUtility.h; path = ../../SoundplaneLib/ThreadUtility.h; sourceTree = "<group>"; };
/* End PBXFileReference section */

/* Begin PBXFrameworksBuildPhase section */
		B55ECEB11FB277D2006DC883 /* Frameworks */ = {
			isa = PBXFrameworksBuildPhase;
			buildActionMask = 2147483647;
			files = (
				B55ECEDE1FB279A5006DC883 /* CoreFoundation.framework in Frameworks */,
				B55ECEDC1FB2798D006DC883 /* IOKit.framework in Frameworks */,
			);
			runOnlyForDeploymentPostprocessing = 0;
		};
/* End PBXFrameworksBuildPhase section */

/* Begin PBXGroup section */
		B55ECEAB1FB277D2006DC883 = {
			isa = PBXGroup;
			children = (
				B55ECEBE1FB27833006DC883 /* soundplanelib */,
				B55ECEB61FB277D2006DC883 /* helloSoundplane */,
				B55ECEB51FB277D2006DC883 /* Products */,
				B55ECEDA1FB2798C006DC883 /* Frameworks */,
			);
			sourceTree = "<group>";
		};
		B55ECEB51FB277D2006DC883 /* Products */ = {
			isa = PBXGroup;
			children = (
				B55ECEB41FB277D2006DC883 /* helloSoundplane */,
			);
			name = Products;
			sourceTree = "<group>";
		};
		B55ECEB61FB277D2006DC883 /* helloSoundplane */ = {
			isa = PBXGroup;
			children = (
				B55ECEB71FB277D2006DC883 /* main.cpp */,
			);
			path = helloSoundplane;
			sourceTree = "<group>";
		};
		B55ECEBE1FB27833006DC883 /* soundplanelib */ = {
			isa = PBXGroup;
			children = (
				B55ECEE11FB27A7E006DC883 /* MacSoundplaneDriver.cpp */,
				B55ECEE21FB27A7E006DC883 /* MacSoundplaneDriver.h */,
				B55ECEE31FB27A7E006DC883 /* SensorFrame.cpp */,
				B55ECEE41FB27A7E006DC883 /* SensorFrame.h */,
				B55ECEE51FB27A7E006DC883 /* SoundplaneDriver.cpp */,
				B55ECEE61FB27A7E006DC883 /* SoundplaneDriver.h */,
				B55ECEE71FB27A7E006DC883 /* SoundplaneModelA.cpp */,
				B55ECEE81FB27A7E006DC883 /* SoundplaneModelA.h */,
				B55ECEE91FB27A7E006DC883 /* ThreadUtility.cpp */,
				B55ECEEA1FB27A7E006DC883 /* ThreadUtility.h */,
			);
			name = soundplanelib;
			sourceTree = "<group>";
		};
		B55ECEDA1FB2798C006DC883 /* Frameworks */ = {
			isa = PBXGroup;
			children = (
				B55ECEDD1FB279A5006DC883 /* CoreFoundation.framework */,
				B55ECEDB1FB2798D006DC883 /* IOKit.framework */,
			);
			name = Frameworks;
			sourceTree = "<group>";
		};
/* End PBXGroup section */

/* Begin PBXNativeTarget section */
		B55ECEB31FB277D2006DC883 /* helloSoundplane */ = {
			isa = PBXNativeTarget;
			buildConfigurationList = B55ECEBB1FB277D2006DC883 /* Build configuration list for PBXNativeTarget "helloSoundplane" */;
			buildPhases = (
				B55ECEB01FB277D2006DC883 /* Sources */,
				B55ECEB11FB277D2006DC883 /* Frameworks */,
				B55ECEB21FB277D2006DC883 /* CopyFiles */,
			);
			buildRules = (
			);
			dependencies = (
			);
			name = helloSoundplane;
			productName = helloSoundplane;
			productReference = B55ECEB41FB277D2006DC883 /* helloSoundplane */;
			productType = "com.apple.product-type.tool";
		};
/* End PBXNativeTarget section */

/* Begin PBXProject section */
		B55ECEAC1FB277D2006DC883 /* Project object */ = {
			isa = PBXProject;
			attributes = {
				LastUpgradeCheck = 0820;
				ORGANIZATIONNAME = "Madrona Labs";
				TargetAttributes = {
					B55ECEB31FB277D2006DC883 = {
						CreatedOnToolsVersion = 8.2.1;
						ProvisioningStyle = Automatic;
					};
				};
			};
			buildConfigurationList = B55ECEAF1FB277D2006DC883 /* Build configuration list for PBXProject "helloSoundplane" */;
			compatibilityVersion = "Xcode 3.2";
			developmentRegion = English;
			hasScannedForEncodings = 0;
			knownRegions = (
				en,
			);
			mainGroup = B55ECEAB1FB277D2006DC883;
			productRefGroup = B55ECEB51FB277D2006DC883 /* Products */;
			projectDirPath = "";
			projectRoot = "";
			targets = (
				B55ECEB31FB277D2006DC883 /* helloSoundplane */,
			);
		};
/* End PBXProject section */

/* Begin PBXSourcesBuildPhase section */
		B55ECEB01FB277D2006DC883 /* Sources */ = {
			isa = PBXSourcesBuildPhase;
			buildActionMask = 2147483647;
			files = (
				B55ECEEC1FB27A7E006DC883 /* SensorFrame.cpp in Sources */,
				B55ECEEF1FB27A7E006DC883 /* ThreadUtility.cpp in Sources */,
				B55ECEEE1FB27A7E006DC883 /* SoundplaneModelA.cpp in Sources */,
				B55ECEB81FB277D2006DC883 /* main.cpp in Sources */,
				B55ECEEB1FB27A7E006DC883 /* MacSoundplaneDriver.cpp in Sources */,
				B55ECEED1FB27A7E006DC883 /* SoundplaneDriver.cpp in Sources */,
			);
			runOnlyForDeploymentPostprocessing = 0;
		};
/* End PBXSourcesBuildPhase section */

/* Begin XCBuildConfiguration section */
		B55ECEB91FB277D2006DC883 /* Debug */ = {
			isa = XCBuildConfiguration;
			buildSettings = {
				ALWAYS_SEARCH_USER_PATHS = NO;
				CLANG_ANALYZER_NONNULL = YES;
				CLANG_CXX_LANGUAGE_STANDARD = "gnu++0x";
				CLANG_CXX_LIBRARY = "libc++";
				CLANG_ENABLE_MODULES = YES;
				CLANG_ENABLE_OBJC_ARC = YES;
				CLANG_WARN_BOOL_CONVERSION = YES;
				CLANG_WARN_CONSTANT_CONVERSION = YES;
				CLANG_WARN_DIRECT_OBJC_ISA_USAGE = YES_ERROR;
				CLANG_WARN_DOCUMENTATION_COMMENTS = YES;
				CLANG_WARN_EMPTY_BODY = YES;
				CLANG_WARN_ENUM_CONVERSION = YES;
				CLANG_WARN_INFINITE_RECURSION = YES;
				CLANG_WARN_INT_CONVERSION = YES;
				CLANG_WARN_OBJC_ROOT_CLASS = YES_ERROR;
				CLANG_WARN_SUSPICIOUS_MOVE = YES;
				CLANG_WARN_UNREACHABLE_CODE = YES;
				CLANG_WARN__DUPLICATE_METHOD_MATCH = YES;
				CODE_SIGN_IDENTITY = "-";
				COPY_PHASE_STRIP = NO;
				DEBUG_INFORMATION_FORMAT = dwarf;
				ENABLE_STRICT_OBJC_MSGSEND = YES;
				ENABLE_TESTABILITY = YES;
				GCC_C_LANGUAGE_STANDARD = gnu99;
				GCC_DYNAMIC_NO_PIC = NO;
				GCC_NO_COMMON_BLOCKS = YES;
				GCC_OPTIMIZATION_LEVEL = 0;
				GCC_PREPROCESSOR_DEFINITIONS = (
					"DEBUG=1",
					"$(inherited)",
				);
				GCC_WARN_64_TO_32_BIT_CONVERSION = YES;
				GCC_WARN_ABOUT_RETURN_TYPE = YES_ERROR;
				GCC_WARN_UNDECLARED_SELECTOR = YES;
				GCC_WARN_UNINITIALIZED_AUTOS = YES_AGGRESSIVE;
				GCC_WARN_UNUSED_FUNCTION = YES;
				GCC_WARN_UNUSED_VARIABLE = YES;
				MACOSX_DEPLOYMENT_TARGET = 10.12;
				MTL_ENABLE_DEBUG_INFO = YES;
				ONLY_ACTIVE_ARCH = YES;
				SDKROOT = macosx;
			};
			name = Debug;
		};
		B55ECEBA1FB277D2006DC883 /* Release */ = {
			isa = XCBuildConfiguration;
			buildSettings = {
				ALWAYS_SEARCH_USER_PATHS = NO;
				CLANG_ANALYZER_NONNULL = YES;
				CLANG_CXX_LANGUAGE_STANDARD = "gnu++0x";
				CLANG_CXX_LIBRARY = "libc++";
				CLANG_ENABLE_MODULES = YES;
				CLANG_ENABLE_OBJC_ARC = YES;
				CLANG_WARN_BOOL_CONVERSION = YES;
				CLANG_WARN_CONSTANT_CONVERSION = YES;
				CLANG_WARN_DIRECT_OBJC_ISA_USAGE = YES_ERROR;
				CLANG_WARN_DOCUMENTATION_COMMENTS = YES;
				CLANG_WARN_EMPTY_BODY = YES;
				CLANG_WARN_ENUM_CONVERSION = YES;
				CLANG_WARN_INFINITE_RECURSION = YES;
				CLANG_WARN_INT_CONVERSION = YES;
				CLANG_WARN_OBJC_ROOT_CLASS = YES_ERROR;
				CLANG_WARN_SUSPICIOUS_MOVE = YES;
				CLANG_WARN_UNREACHABLE_CODE = YES;
				CLANG_WARN__DUPLICATE_METHOD_MATCH = YES;
				CODE_SIGN_IDENTITY = "-";
				COPY_PHASE_STRIP = NO;
				DEBUG_INFORMATION_FORMAT = "dwarf-with-dsym";
				ENABLE_NS_ASSERTIONS = NO;
				ENABLE_STRICT_OBJC_MSGSEND = YES;
				GCC_C_LANGUAGE_STANDARD = gnu99;
				GCC_NO_COMMON_BLOCKS = YES;
				GCC_WARN_64_TO_32_BIT_CONVERSION = YES;
				GCC_WARN_ABOUT_RETURN_TYPE = YES_ERROR;
				GCC_WARN_UNDECLARED_SELECTOR = YES;
				GCC_WARN_UNINITIALIZED_AUTOS = YES_AGGRESSIVE;
				GCC_WARN_UNUSED_FUNCTION = YES;
				GCC_WARN_UNUSED_VARIABLE = YES;
				MACOSX_DEPLOYMENT_TARGET = 10.12;
				MTL_ENABLE_DEBUG_INFO = NO;
				SDKROOT = macosx;
			};
			name = Release;
		};
		B55ECEBC1FB277D2006DC883 /* Debug */ = {
			isa = XCBuildConfiguration;
			buildSettings = {
				PRODUCT_NAME = "$(TARGET_NAME)";
			};
			name = Debug;
		};
		B55ECEBD1FB277D2006DC883 /* Release */ = {
			isa = XCBuildConfiguration;
			buildSettings = {
				PRODUCT_NAME = "$(TARGET_NAME)";
			};
			name = Release;
		};
/* End XCBuildConfiguration section */

/* Begin XCConfigurationList section */
		B55ECEAF1FB277D2006DC883 /* Build configuration list for PBXProject "helloSoundplane" */ = {
			isa = XCConfigurationList;
			buildConfigurations = (
				B55ECEB91FB277D2006DC883 /* Debug */,
				B55ECEBA1FB277D2006DC883 /* Release */,
			);
			defaultConfigurationIsVisible = 0;
			defaultConfigurationName = Release;
		};
		B55ECEBB1FB277D2006DC883 /* Build configuration list for PBXNativeTarget "helloSoundplane" */ = {
			isa = XCConfigurationList;
			buildConfigurations = (
				B55ECEBC1FB277D2006DC883 /* Debug */,
				B55ECEBD1FB277D2006DC883 /* Release */,
			);
			defaultConfigurationIsVisible = 0;
			defaultConfigurationName = Release;
		};
/* End XCConfigurationList section */
	};
	rootObject = B55ECEAC1FB277D2006DC883 /* Project object */;
}
